
Microsoft Visual Studio Solution File, Format Version 12.00
# Visual Studio Version 17
VisualStudioVersion = 17.10.35013.160
MinimumVisualStudioVersion = 10.0.40219.1
Project("{FAE04EC0-301F-11D3-BF4B-00C04F79EFBC}") = "ContosoUniversity", "ContosoUniversity\ContosoUniversity.csproj", "{3A00357A-AF4B-4B95-B5B6-80BB2AA10021}"
EndProject
Global
	GlobalSection(SolutionConfigurationPlatforms) = preSolution
		Debug|Any CPU = Debug|Any CPU
		Release|Any CPU = Release|Any CPU
	EndGlobalSection
	GlobalSection(ProjectConfigurationPlatforms) = postSolution
		{3A00357A-AF4B-4B95-B5B6-80BB2AA10021}.Debug|Any CPU.ActiveCfg = Debug|Any CPU
		{3A00357A-AF4B-4B95-B5B6-80BB2AA10021}.Debug|Any CPU.Build.0 = Debug|Any CPU
		{3A00357A-AF4B-4B95-B5B6-80BB2AA10021}.Release|Any CPU.ActiveCfg = Release|Any CPU
		{3A00357A-AF4B-4B95-B5B6-80BB2AA10021}.Release|Any CPU.Build.0 = Release|Any CPU
	EndGlobalSection
	GlobalSection(SolutionProperties) = preSolution
		HideSolutionNode = FALSE
	EndGlobalSection
	GlobalSection(ExtensibilityGlobals) = postSolution
		SolutionGuid = {6859EAD1-2EE9-4D7F-96EE-071B38C82EA0}
	EndGlobalSection
EndGlobal
